
Microsoft Visual Studio Solution File, Format Version 12.00
# Visual Studio Version 17
VisualStudioVersion = 17.7.34031.279
MinimumVisualStudioVersion = 10.0.40219.1
Project("{9A19103F-16F7-4668-BE54-9A1E7A4F7556}") = "RailwayWizzard.App", "RailwayWizzardAPI\RailwayWizzard.App.csproj", "{89870705-4FC1-4A7C-B20C-EFAA5A5D0CB9}"
EndProject
Project("{9A19103F-16F7-4668-BE54-9A1E7A4F7556}") = "RailwayWizzard.Core", "RailwayWizzard.Core\RailwayWizzard.Core.csproj", "{21B7D3D5-9643-4298-B0D1-973E9E3C1B47}"
EndProject
Project("{9A19103F-16F7-4668-BE54-9A1E7A4F7556}") = "RailwayWizzard.Robot", "RailwayWizzard.Robot\RailwayWizzard.Robot.csproj", "{5F8A33FE-9B03-41A0-9B87-197692BBFA89}"
EndProject
Global
	GlobalSection(SolutionConfigurationPlatforms) = preSolution
		Debug|Any CPU = Debug|Any CPU
		Release|Any CPU = Release|Any CPU
	EndGlobalSection
	GlobalSection(ProjectConfigurationPlatforms) = postSolution
		{89870705-4FC1-4A7C-B20C-EFAA5A5D0CB9}.Debug|Any CPU.ActiveCfg = Debug|Any CPU
		{89870705-4FC1-4A7C-B20C-EFAA5A5D0CB9}.Debug|Any CPU.Build.0 = Debug|Any CPU
		{89870705-4FC1-4A7C-B20C-EFAA5A5D0CB9}.Release|Any CPU.ActiveCfg = Release|Any CPU
		{89870705-4FC1-4A7C-B20C-EFAA5A5D0CB9}.Release|Any CPU.Build.0 = Release|Any CPU
		{21B7D3D5-9643-4298-B0D1-973E9E3C1B47}.Debug|Any CPU.ActiveCfg = Debug|Any CPU
		{21B7D3D5-9643-4298-B0D1-973E9E3C1B47}.Debug|Any CPU.Build.0 = Debug|Any CPU
		{21B7D3D5-9643-4298-B0D1-973E9E3C1B47}.Release|Any CPU.ActiveCfg = Release|Any CPU
		{21B7D3D5-9643-4298-B0D1-973E9E3C1B47}.Release|Any CPU.Build.0 = Release|Any CPU
		{5F8A33FE-9B03-41A0-9B87-197692BBFA89}.Debug|Any CPU.ActiveCfg = Debug|Any CPU
		{5F8A33FE-9B03-41A0-9B87-197692BBFA89}.Debug|Any CPU.Build.0 = Debug|Any CPU
		{5F8A33FE-9B03-41A0-9B87-197692BBFA89}.Release|Any CPU.ActiveCfg = Release|Any CPU
		{5F8A33FE-9B03-41A0-9B87-197692BBFA89}.Release|Any CPU.Build.0 = Release|Any CPU
	EndGlobalSection
	GlobalSection(SolutionProperties) = preSolution
		HideSolutionNode = FALSE
	EndGlobalSection
	GlobalSection(ExtensibilityGlobals) = postSolution
		SolutionGuid = {2E506084-2FB1-4B2D-9FEE-25F166FDEC0A}
	EndGlobalSection
EndGlobal
